
Microsoft Visual Studio Solution File, Format Version 12.00
# Visual Studio 14
VisualStudioVersion = 14.0.25420.1
MinimumVisualStudioVersion = 10.0.40219.1
Project("{FAE04EC0-301F-11D3-BF4B-00C04F79EFBC}") = "NavigateScreens.Android", "NavigateScreens\NavigateScreens.Android\NavigateScreens.Android.csproj", "{067D18C9-909F-471C-A532-CAADFE0FFE44}"
EndProject
Project("{FAE04EC0-301F-11D3-BF4B-00C04F79EFBC}") = "NavigateScreens", "NavigateScreens\NavigateScreens\NavigateScreens.csproj", "{19475B33-17F9-4B24-A988-2B2FFC16EC3D}"
EndProject
Project("{FAE04EC0-301F-11D3-BF4B-00C04F79EFBC}") = "NavigateScreens.UWP", "NavigateScreens\NavigateScreens.UWP\NavigateScreens.UWP.csproj", "{76B0DA79-DB17-43CA-998A-2A46913DEE7D}"
EndProject
Project("{FAE04EC0-301F-11D3-BF4B-00C04F79EFBC}") = "NavigateScreens.iOS", "NavigateScreens\NavigateScreens.iOS\NavigateScreens.iOS.csproj", "{1881F650-8153-4C24-8633-B78C1A337258}"
EndProject
Global
	GlobalSection(SolutionConfigurationPlatforms) = preSolution
		Ad-Hoc|Any CPU = Ad-Hoc|Any CPU
		Ad-Hoc|ARM = Ad-Hoc|ARM
		Ad-Hoc|iPhone = Ad-Hoc|iPhone
		Ad-Hoc|iPhoneSimulator = Ad-Hoc|iPhoneSimulator
		Ad-Hoc|x64 = Ad-Hoc|x64
		Ad-Hoc|x86 = Ad-Hoc|x86
		AppStore|Any CPU = AppStore|Any CPU
		AppStore|ARM = AppStore|ARM
		AppStore|iPhone = AppStore|iPhone
		AppStore|iPhoneSimulator = AppStore|iPhoneSimulator
		AppStore|x64 = AppStore|x64
		AppStore|x86 = AppStore|x86
		Debug|Any CPU = Debug|Any CPU
		Debug|ARM = Debug|ARM
		Debug|iPhone = Debug|iPhone
		Debug|iPhoneSimulator = Debug|iPhoneSimulator
		Debug|x64 = Debug|x64
		Debug|x86 = Debug|x86
		Release|Any CPU = Release|Any CPU
		Release|ARM = Release|ARM
		Release|iPhone = Release|iPhone
		Release|iPhoneSimulator = Release|iPhoneSimulator
		Release|x64 = Release|x64
		Release|x86 = Release|x86
	EndGlobalSection
	GlobalSection(ProjectConfigurationPlatforms) = postSolution
		{067D18C9-909F-471C-A532-CAADFE0FFE44}.Ad-Hoc|Any CPU.ActiveCfg = Release|Any CPU
		{067D18C9-909F-471C-A532-CAADFE0FFE44}.Ad-Hoc|Any CPU.Build.0 = Release|Any CPU
		{067D18C9-909F-471C-A532-CAADFE0FFE44}.Ad-Hoc|Any CPU.Deploy.0 = Release|Any CPU
		{067D18C9-909F-471C-A532-CAADFE0FFE44}.Ad-Hoc|ARM.ActiveCfg = Release|Any CPU
		{067D18C9-909F-471C-A532-CAADFE0FFE44}.Ad-Hoc|ARM.Build.0 = Release|Any CPU
		{067D18C9-909F-471C-A532-CAADFE0FFE44}.Ad-Hoc|ARM.Deploy.0 = Release|Any CPU
		{067D18C9-909F-471C-A532-CAADFE0FFE44}.Ad-Hoc|iPhone.ActiveCfg = Release|Any CPU
		{067D18C9-909F-471C-A532-CAADFE0FFE44}.Ad-Hoc|iPhone.Build.0 = Release|Any CPU
		{067D18C9-909F-471C-A532-CAADFE0FFE44}.Ad-Hoc|iPhone.Deploy.0 = Release|Any CPU
		{067D18C9-909F-471C-A532-CAADFE0FFE44}.Ad-Hoc|iPhoneSimulator.ActiveCfg = Release|Any CPU
		{067D18C9-909F-471C-A532-CAADFE0FFE44}.Ad-Hoc|iPhoneSimulator.Build.0 = Release|Any CPU
		{067D18C9-909F-471C-A532-CAADFE0FFE44}.Ad-Hoc|iPhoneSimulator.Deploy.0 = Release|Any CPU
		{067D18C9-909F-471C-A532-CAADFE0FFE44}.Ad-Hoc|x64.ActiveCfg = Release|Any CPU
		{067D18C9-909F-471C-A532-CAADFE0FFE44}.Ad-Hoc|x64.Build.0 = Release|Any CPU
		{067D18C9-909F-471C-A532-CAADFE0FFE44}.Ad-Hoc|x64.Deploy.0 = Release|Any CPU
		{067D18C9-909F-471C-A532-CAADFE0FFE44}.Ad-Hoc|x86.ActiveCfg = Release|Any CPU
		{067D18C9-909F-471C-A532-CAADFE0FFE44}.Ad-Hoc|x86.Build.0 = Release|Any CPU
		{067D18C9-909F-471C-A532-CAADFE0FFE44}.Ad-Hoc|x86.Deploy.0 = Release|Any CPU
		{067D18C9-909F-471C-A532-CAADFE0FFE44}.AppStore|Any CPU.ActiveCfg = Release|Any CPU
		{067D18C9-909F-471C-A532-CAADFE0FFE44}.AppStore|Any CPU.Build.0 = Release|Any CPU
		{067D18C9-909F-471C-A532-CAADFE0FFE44}.AppStore|Any CPU.Deploy.0 = Release|Any CPU
		{067D18C9-909F-471C-A532-CAADFE0FFE44}.AppStore|ARM.ActiveCfg = Release|Any CPU
		{067D18C9-909F-471C-A532-CAADFE0FFE44}.AppStore|ARM.Build.0 = Release|Any CPU
		{067D18C9-909F-471C-A532-CAADFE0FFE44}.AppStore|ARM.Deploy.0 = Release|Any CPU
		{067D18C9-909F-471C-A532-CAADFE0FFE44}.AppStore|iPhone.ActiveCfg = Release|Any CPU
		{067D18C9-909F-471C-A532-CAADFE0FFE44}.AppStore|iPhone.Build.0 = Release|Any CPU
		{067D18C9-909F-471C-A532-CAADFE0FFE44}.AppStore|iPhone.Deploy.0 = Release|Any CPU
		{067D18C9-909F-471C-A532-CAADFE0FFE44}.AppStore|iPhoneSimulator.ActiveCfg = Release|Any CPU
		{067D18C9-909F-471C-A532-CAADFE0FFE44}.AppStore|iPhoneSimulator.Build.0 = Release|Any CPU
		{067D18C9-909F-471C-A532-CAADFE0FFE44}.AppStore|iPhoneSimulator.Deploy.0 = Release|Any CPU
		{067D18C9-909F-471C-A532-CAADFE0FFE44}.AppStore|x64.ActiveCfg = Release|Any CPU
		{067D18C9-909F-471C-A532-CAADFE0FFE44}.AppStore|x64.Build.0 = Release|Any CPU
		{067D18C9-909F-471C-A532-CAADFE0FFE44}.AppStore|x64.Deploy.0 = Release|Any CPU
		{067D18C9-909F-471C-A532-CAADFE0FFE44}.AppStore|x86.ActiveCfg = Release|Any CPU
		{067D18C9-909F-471C-A532-CAADFE0FFE44}.AppStore|x86.Build.0 = Release|Any CPU
		{067D18C9-909F-471C-A532-CAADFE0FFE44}.AppStore|x86.Deploy.0 = Release|Any CPU
		{067D18C9-909F-471C-A532-CAADFE0FFE44}.Debug|Any CPU.ActiveCfg = Debug|Any CPU
		{067D18C9-909F-471C-A532-CAADFE0FFE44}.Debug|Any CPU.Build.0 = Debug|Any CPU
		{067D18C9-909F-471C-A532-CAADFE0FFE44}.Debug|Any CPU.Deploy.0 = Debug|Any CPU
		{067D18C9-909F-471C-A532-CAADFE0FFE44}.Debug|ARM.ActiveCfg = Debug|Any CPU
		{067D18C9-909F-471C-A532-CAADFE0FFE44}.Debug|ARM.Build.0 = Debug|Any CPU
		{067D18C9-909F-471C-A532-CAADFE0FFE44}.Debug|ARM.Deploy.0 = Debug|Any CPU
		{067D18C9-909F-471C-A532-CAADFE0FFE44}.Debug|iPhone.ActiveCfg = Debug|Any CPU
		{067D18C9-909F-471C-A532-CAADFE0FFE44}.Debug|iPhone.Build.0 = Debug|Any CPU
		{067D18C9-909F-471C-A532-CAADFE0FFE44}.Debug|iPhone.Deploy.0 = Debug|Any CPU
		{067D18C9-909F-471C-A532-CAADFE0FFE44}.Debug|iPhoneSimulator.ActiveCfg = Debug|Any CPU
		{067D18C9-909F-471C-A532-CAADFE0FFE44}.Debug|iPhoneSimulator.Build.0 = Debug|Any CPU
		{067D18C9-909F-471C-A532-CAADFE0FFE44}.Debug|iPhoneSimulator.Deploy.0 = Debug|Any CPU
		{067D18C9-909F-471C-A532-CAADFE0FFE44}.Debug|x64.ActiveCfg = Debug|Any CPU
		{067D18C9-909F-471C-A532-CAADFE0FFE44}.Debug|x64.Build.0 = Debug|Any CPU
		{067D18C9-909F-471C-A532-CAADFE0FFE44}.Debug|x64.Deploy.0 = Debug|Any CPU
		{067D18C9-909F-471C-A532-CAADFE0FFE44}.Debug|x86.ActiveCfg = Debug|Any CPU
		{067D18C9-909F-471C-A532-CAADFE0FFE44}.Debug|x86.Build.0 = Debug|Any CPU
		{067D18C9-909F-471C-A532-CAADFE0FFE44}.Debug|x86.Deploy.0 = Debug|Any CPU
		{067D18C9-909F-471C-A532-CAADFE0FFE44}.Release|Any CPU.ActiveCfg = Release|Any CPU
		{067D18C9-909F-471C-A532-CAADFE0FFE44}.Release|Any CPU.Build.0 = Release|Any CPU
		{067D18C9-909F-471C-A532-CAADFE0FFE44}.Release|Any CPU.Deploy.0 = Release|Any CPU
		{067D18C9-909F-471C-A532-CAADFE0FFE44}.Release|ARM.ActiveCfg = Release|Any CPU
		{067D18C9-909F-471C-A532-CAADFE0FFE44}.Release|ARM.Build.0 = Release|Any CPU
		{067D18C9-909F-471C-A532-CAADFE0FFE44}.Release|ARM.Deploy.0 = Release|Any CPU
		{067D18C9-909F-471C-A532-CAADFE0FFE44}.Release|iPhone.ActiveCfg = Release|Any CPU
		{067D18C9-909F-471C-A532-CAADFE0FFE44}.Release|iPhone.Build.0 = Release|Any CPU
		{067D18C9-909F-471C-A532-CAADFE0FFE44}.Release|iPhone.Deploy.0 = Release|Any CPU
		{067D18C9-909F-471C-A532-CAADFE0FFE44}.Release|iPhoneSimulator.ActiveCfg = Release|Any CPU
		{067D18C9-909F-471C-A532-CAADFE0FFE44}.Release|iPhoneSimulator.Build.0 = Release|Any CPU
		{067D18C9-909F-471C-A532-CAADFE0FFE44}.Release|iPhoneSimulator.Deploy.0 = Release|Any CPU
		{067D18C9-909F-471C-A532-CAADFE0FFE44}.Release|x64.ActiveCfg = Release|Any CPU
		{067D18C9-909F-471C-A532-CAADFE0FFE44}.Release|x64.Build.0 = Release|Any CPU
		{067D18C9-909F-471C-A532-CAADFE0FFE44}.Release|x64.Deploy.0 = Release|Any CPU
		{067D18C9-909F-471C-A532-CAADFE0FFE44}.Release|x86.ActiveCfg = Release|Any CPU
		{067D18C9-909F-471C-A532-CAADFE0FFE44}.Release|x86.Build.0 = Release|Any CPU
		{067D18C9-909F-471C-A532-CAADFE0FFE44}.Release|x86.Deploy.0 = Release|Any CPU
		{19475B33-17F9-4B24-A988-2B2FFC16EC3D}.Ad-Hoc|Any CPU.ActiveCfg = Release|Any CPU
		{19475B33-17F9-4B24-A988-2B2FFC16EC3D}.Ad-Hoc|Any CPU.Build.0 = Release|Any CPU
		{19475B33-17F9-4B24-A988-2B2FFC16EC3D}.Ad-Hoc|ARM.ActiveCfg = Release|Any CPU
		{19475B33-17F9-4B24-A988-2B2FFC16EC3D}.Ad-Hoc|ARM.Build.0 = Release|Any CPU
		{19475B33-17F9-4B24-A988-2B2FFC16EC3D}.Ad-Hoc|iPhone.ActiveCfg = Release|Any CPU
		{19475B33-17F9-4B24-A988-2B2FFC16EC3D}.Ad-Hoc|iPhone.Build.0 = Release|Any CPU
		{19475B33-17F9-4B24-A988-2B2FFC16EC3D}.Ad-Hoc|iPhoneSimulator.ActiveCfg = Release|Any CPU
		{19475B33-17F9-4B24-A988-2B2FFC16EC3D}.Ad-Hoc|iPhoneSimulator.Build.0 = Release|Any CPU
		{19475B33-17F9-4B24-A988-2B2FFC16EC3D}.Ad-Hoc|x64.ActiveCfg = Release|Any CPU
		{19475B33-17F9-4B24-A988-2B2FFC16EC3D}.Ad-Hoc|x64.Build.0 = Release|Any CPU
		{19475B33-17F9-4B24-A988-2B2FFC16EC3D}.Ad-Hoc|x86.ActiveCfg = Release|Any CPU
		{19475B33-17F9-4B24-A988-2B2FFC16EC3D}.Ad-Hoc|x86.Build.0 = Release|Any CPU
		{19475B33-17F9-4B24-A988-2B2FFC16EC3D}.AppStore|Any CPU.ActiveCfg = Release|Any CPU
		{19475B33-17F9-4B24-A988-2B2FFC16EC3D}.AppStore|Any CPU.Build.0 = Release|Any CPU
		{19475B33-17F9-4B24-A988-2B2FFC16EC3D}.AppStore|ARM.ActiveCfg = Release|Any CPU
		{19475B33-17F9-4B24-A988-2B2FFC16EC3D}.AppStore|ARM.Build.0 = Release|Any CPU
		{19475B33-17F9-4B24-A988-2B2FFC16EC3D}.AppStore|iPhone.ActiveCfg = Release|Any CPU
		{19475B33-17F9-4B24-A988-2B2FFC16EC3D}.AppStore|iPhone.Build.0 = Release|Any CPU
		{19475B33-17F9-4B24-A988-2B2FFC16EC3D}.AppStore|iPhoneSimulator.ActiveCfg = Release|Any CPU
		{19475B33-17F9-4B24-A988-2B2FFC16EC3D}.AppStore|iPhoneSimulator.Build.0 = Release|Any CPU
		{19475B33-17F9-4B24-A988-2B2FFC16EC3D}.AppStore|x64.ActiveCfg = Release|Any CPU
		{19475B33-17F9-4B24-A988-2B2FFC16EC3D}.AppStore|x64.Build.0 = Release|Any CPU
		{19475B33-17F9-4B24-A988-2B2FFC16EC3D}.AppStore|x86.ActiveCfg = Release|Any CPU
		{19475B33-17F9-4B24-A988-2B2FFC16EC3D}.AppStore|x86.Build.0 = Release|Any CPU
		{19475B33-17F9-4B24-A988-2B2FFC16EC3D}.Debug|Any CPU.ActiveCfg = Debug|Any CPU
		{19475B33-17F9-4B24-A988-2B2FFC16EC3D}.Debug|Any CPU.Build.0 = Debug|Any CPU
		{19475B33-17F9-4B24-A988-2B2FFC16EC3D}.Debug|ARM.ActiveCfg = Debug|Any CPU
		{19475B33-17F9-4B24-A988-2B2FFC16EC3D}.Debug|ARM.Build.0 = Debug|Any CPU
		{19475B33-17F9-4B24-A988-2B2FFC16EC3D}.Debug|iPhone.ActiveCfg = Debug|Any CPU
		{19475B33-17F9-4B24-A988-2B2FFC16EC3D}.Debug|iPhone.Build.0 = Debug|Any CPU
		{19475B33-17F9-4B24-A988-2B2FFC16EC3D}.Debug|iPhoneSimulator.ActiveCfg = Debug|Any CPU
		{19475B33-17F9-4B24-A988-2B2FFC16EC3D}.Debug|iPhoneSimulator.Build.0 = Debug|Any CPU
		{19475B33-17F9-4B24-A988-2B2FFC16EC3D}.Debug|x64.ActiveCfg = Debug|Any CPU
		{19475B33-17F9-4B24-A988-2B2FFC16EC3D}.Debug|x64.Build.0 = Debug|Any CPU
		{19475B33-17F9-4B24-A988-2B2FFC16EC3D}.Debug|x86.ActiveCfg = Debug|Any CPU
		{19475B33-17F9-4B24-A988-2B2FFC16EC3D}.Debug|x86.Build.0 = Debug|Any CPU
		{19475B33-17F9-4B24-A988-2B2FFC16EC3D}.Release|Any CPU.ActiveCfg = Release|Any CPU
		{19475B33-17F9-4B24-A988-2B2FFC16EC3D}.Release|Any CPU.Build.0 = Release|Any CPU
		{19475B33-17F9-4B24-A988-2B2FFC16EC3D}.Release|ARM.ActiveCfg = Release|Any CPU
		{19475B33-17F9-4B24-A988-2B2FFC16EC3D}.Release|ARM.Build.0 = Release|Any CPU
		{19475B33-17F9-4B24-A988-2B2FFC16EC3D}.Release|iPhone.ActiveCfg = Release|Any CPU
		{19475B33-17F9-4B24-A988-2B2FFC16EC3D}.Release|iPhone.Build.0 = Release|Any CPU
		{19475B33-17F9-4B24-A988-2B2FFC16EC3D}.Release|iPhoneSimulator.ActiveCfg = Release|Any CPU
		{19475B33-17F9-4B24-A988-2B2FFC16EC3D}.Release|iPhoneSimulator.Build.0 = Release|Any CPU
		{19475B33-17F9-4B24-A988-2B2FFC16EC3D}.Release|x64.ActiveCfg = Release|Any CPU
		{19475B33-17F9-4B24-A988-2B2FFC16EC3D}.Release|x64.Build.0 = Release|Any CPU
		{19475B33-17F9-4B24-A988-2B2FFC16EC3D}.Release|x86.ActiveCfg = Release|Any CPU
		{19475B33-17F9-4B24-A988-2B2FFC16EC3D}.Release|x86.Build.0 = Release|Any CPU
		{76B0DA79-DB17-43CA-998A-2A46913DEE7D}.Ad-Hoc|Any CPU.ActiveCfg = Release|x86
		{76B0DA79-DB17-43CA-998A-2A46913DEE7D}.Ad-Hoc|Any CPU.Build.0 = Release|x86
		{76B0DA79-DB17-43CA-998A-2A46913DEE7D}.Ad-Hoc|Any CPU.Deploy.0 = Release|x86
		{76B0DA79-DB17-43CA-998A-2A46913DEE7D}.Ad-Hoc|ARM.ActiveCfg = Release|ARM
		{76B0DA79-DB17-43CA-998A-2A46913DEE7D}.Ad-Hoc|ARM.Build.0 = Release|ARM
		{76B0DA79-DB17-43CA-998A-2A46913DEE7D}.Ad-Hoc|ARM.Deploy.0 = Release|ARM
		{76B0DA79-DB17-43CA-998A-2A46913DEE7D}.Ad-Hoc|iPhone.ActiveCfg = Release|x86
		{76B0DA79-DB17-43CA-998A-2A46913DEE7D}.Ad-Hoc|iPhone.Build.0 = Release|x86
		{76B0DA79-DB17-43CA-998A-2A46913DEE7D}.Ad-Hoc|iPhone.Deploy.0 = Release|x86
		{76B0DA79-DB17-43CA-998A-2A46913DEE7D}.Ad-Hoc|iPhoneSimulator.ActiveCfg = Release|x86
		{76B0DA79-DB17-43CA-998A-2A46913DEE7D}.Ad-Hoc|iPhoneSimulator.Build.0 = Release|x86
		{76B0DA79-DB17-43CA-998A-2A46913DEE7D}.Ad-Hoc|iPhoneSimulator.Deploy.0 = Release|x86
		{76B0DA79-DB17-43CA-998A-2A46913DEE7D}.Ad-Hoc|x64.ActiveCfg = Release|x64
		{76B0DA79-DB17-43CA-998A-2A46913DEE7D}.Ad-Hoc|x64.Build.0 = Release|x64
		{76B0DA79-DB17-43CA-998A-2A46913DEE7D}.Ad-Hoc|x64.Deploy.0 = Release|x64
		{76B0DA79-DB17-43CA-998A-2A46913DEE7D}.Ad-Hoc|x86.ActiveCfg = Release|x86
		{76B0DA79-DB17-43CA-998A-2A46913DEE7D}.Ad-Hoc|x86.Build.0 = Release|x86
		{76B0DA79-DB17-43CA-998A-2A46913DEE7D}.Ad-Hoc|x86.Deploy.0 = Release|x86
		{76B0DA79-DB17-43CA-998A-2A46913DEE7D}.AppStore|Any CPU.ActiveCfg = Release|x86
		{76B0DA79-DB17-43CA-998A-2A46913DEE7D}.AppStore|Any CPU.Build.0 = Release|x86
		{76B0DA79-DB17-43CA-998A-2A46913DEE7D}.AppStore|Any CPU.Deploy.0 = Release|x86
		{76B0DA79-DB17-43CA-998A-2A46913DEE7D}.AppStore|ARM.ActiveCfg = Release|ARM
		{76B0DA79-DB17-43CA-998A-2A46913DEE7D}.AppStore|ARM.Build.0 = Release|ARM
		{76B0DA79-DB17-43CA-998A-2A46913DEE7D}.AppStore|ARM.Deploy.0 = Release|ARM
		{76B0DA79-DB17-43CA-998A-2A46913DEE7D}.AppStore|iPhone.ActiveCfg = Release|x86
		{76B0DA79-DB17-43CA-998A-2A46913DEE7D}.AppStore|iPhone.Build.0 = Release|x86
		{76B0DA79-DB17-43CA-998A-2A46913DEE7D}.AppStore|iPhone.Deploy.0 = Release|x86
		{76B0DA79-DB17-43CA-998A-2A46913DEE7D}.AppStore|iPhoneSimulator.ActiveCfg = Release|x86
		{76B0DA79-DB17-43CA-998A-2A46913DEE7D}.AppStore|iPhoneSimulator.Build.0 = Release|x86
		{76B0DA79-DB17-43CA-998A-2A46913DEE7D}.AppStore|iPhoneSimulator.Deploy.0 = Release|x86
		{76B0DA79-DB17-43CA-998A-2A46913DEE7D}.AppStore|x64.ActiveCfg = Release|x64
		{76B0DA79-DB17-43CA-998A-2A46913DEE7D}.AppStore|x64.Build.0 = Release|x64
		{76B0DA79-DB17-43CA-998A-2A46913DEE7D}.AppStore|x64.Deploy.0 = Release|x64
		{76B0DA79-DB17-43CA-998A-2A46913DEE7D}.AppStore|x86.ActiveCfg = Release|x86
		{76B0DA79-DB17-43CA-998A-2A46913DEE7D}.AppStore|x86.Build.0 = Release|x86
		{76B0DA79-DB17-43CA-998A-2A46913DEE7D}.AppStore|x86.Deploy.0 = Release|x86
		{76B0DA79-DB17-43CA-998A-2A46913DEE7D}.Debug|Any CPU.ActiveCfg = Debug|x86
		{76B0DA79-DB17-43CA-998A-2A46913DEE7D}.Debug|Any CPU.Build.0 = Debug|x86
		{76B0DA79-DB17-43CA-998A-2A46913DEE7D}.Debug|Any CPU.Deploy.0 = Debug|x86
		{76B0DA79-DB17-43CA-998A-2A46913DEE7D}.Debug|ARM.ActiveCfg = Debug|ARM
		{76B0DA79-DB17-43CA-998A-2A46913DEE7D}.Debug|ARM.Build.0 = Debug|ARM
		{76B0DA79-DB17-43CA-998A-2A46913DEE7D}.Debug|ARM.Deploy.0 = Debug|ARM
		{76B0DA79-DB17-43CA-998A-2A46913DEE7D}.Debug|iPhone.ActiveCfg = Debug|x86
		{76B0DA79-DB17-43CA-998A-2A46913DEE7D}.Debug|iPhoneSimulator.ActiveCfg = Debug|x86
		{76B0DA79-DB17-43CA-998A-2A46913DEE7D}.Debug|iPhoneSimulator.Build.0 = Debug|x86
		{76B0DA79-DB17-43CA-998A-2A46913DEE7D}.Debug|iPhoneSimulator.Deploy.0 = Debug|x86
		{76B0DA79-DB17-43CA-998A-2A46913DEE7D}.Debug|x64.ActiveCfg = Debug|x64
		{76B0DA79-DB17-43CA-998A-2A46913DEE7D}.Debug|x64.Build.0 = Debug|x64
		{76B0DA79-DB17-43CA-998A-2A46913DEE7D}.Debug|x64.Deploy.0 = Debug|x64
		{76B0DA79-DB17-43CA-998A-2A46913DEE7D}.Debug|x86.ActiveCfg = Debug|x86
		{76B0DA79-DB17-43CA-998A-2A46913DEE7D}.Debug|x86.Build.0 = Debug|x86
		{76B0DA79-DB17-43CA-998A-2A46913DEE7D}.Debug|x86.Deploy.0 = Debug|x86
		{76B0DA79-DB17-43CA-998A-2A46913DEE7D}.Release|Any CPU.ActiveCfg = Release|x86
		{76B0DA79-DB17-43CA-998A-2A46913DEE7D}.Release|ARM.ActiveCfg = Release|ARM
		{76B0DA79-DB17-43CA-998A-2A46913DEE7D}.Release|ARM.Build.0 = Release|ARM
		{76B0DA79-DB17-43CA-998A-2A46913DEE7D}.Release|ARM.Deploy.0 = Release|ARM
		{76B0DA79-DB17-43CA-998A-2A46913DEE7D}.Release|iPhone.ActiveCfg = Release|x86
		{76B0DA79-DB17-43CA-998A-2A46913DEE7D}.Release|iPhoneSimulator.ActiveCfg = Release|x86
		{76B0DA79-DB17-43CA-998A-2A46913DEE7D}.Release|x64.ActiveCfg = Release|x64
		{76B0DA79-DB17-43CA-998A-2A46913DEE7D}.Release|x64.Build.0 = Release|x64
		{76B0DA79-DB17-43CA-998A-2A46913DEE7D}.Release|x64.Deploy.0 = Release|x64
		{76B0DA79-DB17-43CA-998A-2A46913DEE7D}.Release|x86.ActiveCfg = Release|x86
		{76B0DA79-DB17-43CA-998A-2A46913DEE7D}.Release|x86.Build.0 = Release|x86
		{76B0DA79-DB17-43CA-998A-2A46913DEE7D}.Release|x86.Deploy.0 = Release|x86
		{1881F650-8153-4C24-8633-B78C1A337258}.Ad-Hoc|Any CPU.ActiveCfg = Ad-Hoc|iPhone
		{1881F650-8153-4C24-8633-B78C1A337258}.Ad-Hoc|ARM.ActiveCfg = Ad-Hoc|iPhone
		{1881F650-8153-4C24-8633-B78C1A337258}.Ad-Hoc|iPhone.ActiveCfg = Ad-Hoc|iPhone
		{1881F650-8153-4C24-8633-B78C1A337258}.Ad-Hoc|iPhone.Build.0 = Ad-Hoc|iPhone
		{1881F650-8153-4C24-8633-B78C1A337258}.Ad-Hoc|iPhoneSimulator.ActiveCfg = Ad-Hoc|iPhoneSimulator
		{1881F650-8153-4C24-8633-B78C1A337258}.Ad-Hoc|iPhoneSimulator.Build.0 = Ad-Hoc|iPhoneSimulator
		{1881F650-8153-4C24-8633-B78C1A337258}.Ad-Hoc|x64.ActiveCfg = Ad-Hoc|iPhone
		{1881F650-8153-4C24-8633-B78C1A337258}.Ad-Hoc|x86.ActiveCfg = Ad-Hoc|iPhone
		{1881F650-8153-4C24-8633-B78C1A337258}.AppStore|Any CPU.ActiveCfg = AppStore|iPhone
		{1881F650-8153-4C24-8633-B78C1A337258}.AppStore|ARM.ActiveCfg = AppStore|iPhone
		{1881F650-8153-4C24-8633-B78C1A337258}.AppStore|iPhone.ActiveCfg = AppStore|iPhone
		{1881F650-8153-4C24-8633-B78C1A337258}.AppStore|iPhone.Build.0 = AppStore|iPhone
		{1881F650-8153-4C24-8633-B78C1A337258}.AppStore|iPhoneSimulator.ActiveCfg = AppStore|iPhoneSimulator
		{1881F650-8153-4C24-8633-B78C1A337258}.AppStore|iPhoneSimulator.Build.0 = AppStore|iPhoneSimulator
		{1881F650-8153-4C24-8633-B78C1A337258}.AppStore|x64.ActiveCfg = AppStore|iPhone
		{1881F650-8153-4C24-8633-B78C1A337258}.AppStore|x86.ActiveCfg = AppStore|iPhone
		{1881F650-8153-4C24-8633-B78C1A337258}.Debug|Any CPU.ActiveCfg = Debug|iPhone
		{1881F650-8153-4C24-8633-B78C1A337258}.Debug|Any CPU.Build.0 = Debug|iPhone
		{1881F650-8153-4C24-8633-B78C1A337258}.Debug|Any CPU.Deploy.0 = Debug|iPhone
		{1881F650-8153-4C24-8633-B78C1A337258}.Debug|ARM.ActiveCfg = Debug|iPhone
		{1881F650-8153-4C24-8633-B78C1A337258}.Debug|iPhone.ActiveCfg = Debug|iPhone
		{1881F650-8153-4C24-8633-B78C1A337258}.Debug|iPhone.Build.0 = Debug|iPhone
		{1881F650-8153-4C24-8633-B78C1A337258}.Debug|iPhoneSimulator.ActiveCfg = Debug|iPhoneSimulator
		{1881F650-8153-4C24-8633-B78C1A337258}.Debug|iPhoneSimulator.Build.0 = Debug|iPhoneSimulator
		{1881F650-8153-4C24-8633-B78C1A337258}.Debug|x64.ActiveCfg = Debug|iPhone
		{1881F650-8153-4C24-8633-B78C1A337258}.Debug|x86.ActiveCfg = Debug|iPhone
		{1881F650-8153-4C24-8633-B78C1A337258}.Release|Any CPU.ActiveCfg = Release|iPhone
		{1881F650-8153-4C24-8633-B78C1A337258}.Release|ARM.ActiveCfg = Release|iPhone
		{1881F650-8153-4C24-8633-B78C1A337258}.Release|iPhone.ActiveCfg = Release|iPhone
		{1881F650-8153-4C24-8633-B78C1A337258}.Release|iPhone.Build.0 = Release|iPhone
		{1881F650-8153-4C24-8633-B78C1A337258}.Release|iPhoneSimulator.ActiveCfg = Release|iPhoneSimulator
		{1881F650-8153-4C24-8633-B78C1A337258}.Release|iPhoneSimulator.Build.0 = Release|iPhoneSimulator
		{1881F650-8153-4C24-8633-B78C1A337258}.Release|x64.ActiveCfg = Release|iPhone
		{1881F650-8153-4C24-8633-B78C1A337258}.Release|x86.ActiveCfg = Release|iPhone
	EndGlobalSection
	GlobalSection(SolutionProperties) = preSolution
		HideSolutionNode = FALSE
	EndGlobalSection
EndGlobal
